
Microsoft Visual Studio Solution File, Format Version 12.00
# Visual Studio Version 17
VisualStudioVersion = 17.2.32630.192
MinimumVisualStudioVersion = 10.0.40219.1
Project("{FAE04EC0-301F-11D3-BF4B-00C04F79EFBC}") = "Pasotti_Conti.pcAdmin.ProgettoArchiWeb", "Pasotti_Conti.pcAdmin.ProgettoArchiWeb\Pasotti_Conti.pcAdmin.ProgettoArchiWeb.csproj", "{D96E80AD-3F68-454E-A397-237344964198}"
EndProject
Global
	GlobalSection(SolutionConfigurationPlatforms) = preSolution
		Debug|Any CPU = Debug|Any CPU
		Release|Any CPU = Release|Any CPU
	EndGlobalSection
	GlobalSection(ProjectConfigurationPlatforms) = postSolution
		{D96E80AD-3F68-454E-A397-237344964198}.Debug|Any CPU.ActiveCfg = Debug|Any CPU
		{D96E80AD-3F68-454E-A397-237344964198}.Debug|Any CPU.Build.0 = Debug|Any CPU
		{D96E80AD-3F68-454E-A397-237344964198}.Release|Any CPU.ActiveCfg = Release|Any CPU
		{D96E80AD-3F68-454E-A397-237344964198}.Release|Any CPU.Build.0 = Release|Any CPU
	EndGlobalSection
	GlobalSection(SolutionProperties) = preSolution
		HideSolutionNode = FALSE
	EndGlobalSection
	GlobalSection(ExtensibilityGlobals) = postSolution
		SolutionGuid = {33B4522F-61B1-442C-871D-3275721B88B7}
	EndGlobalSection
EndGlobal
