
Microsoft Visual Studio Solution File, Format Version 12.00
# Visual Studio Version 17
VisualStudioVersion = 17.2.32630.192
MinimumVisualStudioVersion = 10.0.40219.1
Project("{9A19103F-16F7-4668-BE54-9A1E7A4F7556}") = "pcAdmin.Server", "pcAdmin\Server\pcAdmin.Server.csproj", "{52C11AF4-D057-47EB-ADC8-A1CDC2710FCB}"
EndProject
Project("{9A19103F-16F7-4668-BE54-9A1E7A4F7556}") = "pcAdmin.Client", "pcAdmin\Client\pcAdmin.Client.csproj", "{FC4B5B08-20EB-44D1-9699-7BB0DCC03F82}"
EndProject
Project("{9A19103F-16F7-4668-BE54-9A1E7A4F7556}") = "pcAdmin.Shared", "pcAdmin\Shared\pcAdmin.Shared.csproj", "{1B334ED2-2C4C-4A1D-8346-C7BF64126392}"
EndProject
Global
	GlobalSection(SolutionConfigurationPlatforms) = preSolution
		Debug|Any CPU = Debug|Any CPU
		Release|Any CPU = Release|Any CPU
	EndGlobalSection
	GlobalSection(ProjectConfigurationPlatforms) = postSolution
		{52C11AF4-D057-47EB-ADC8-A1CDC2710FCB}.Debug|Any CPU.ActiveCfg = Debug|Any CPU
		{52C11AF4-D057-47EB-ADC8-A1CDC2710FCB}.Debug|Any CPU.Build.0 = Debug|Any CPU
		{52C11AF4-D057-47EB-ADC8-A1CDC2710FCB}.Release|Any CPU.ActiveCfg = Release|Any CPU
		{52C11AF4-D057-47EB-ADC8-A1CDC2710FCB}.Release|Any CPU.Build.0 = Release|Any CPU
		{FC4B5B08-20EB-44D1-9699-7BB0DCC03F82}.Debug|Any CPU.ActiveCfg = Debug|Any CPU
		{FC4B5B08-20EB-44D1-9699-7BB0DCC03F82}.Debug|Any CPU.Build.0 = Debug|Any CPU
		{FC4B5B08-20EB-44D1-9699-7BB0DCC03F82}.Release|Any CPU.ActiveCfg = Release|Any CPU
		{FC4B5B08-20EB-44D1-9699-7BB0DCC03F82}.Release|Any CPU.Build.0 = Release|Any CPU
		{1B334ED2-2C4C-4A1D-8346-C7BF64126392}.Debug|Any CPU.ActiveCfg = Debug|Any CPU
		{1B334ED2-2C4C-4A1D-8346-C7BF64126392}.Debug|Any CPU.Build.0 = Debug|Any CPU
		{1B334ED2-2C4C-4A1D-8346-C7BF64126392}.Release|Any CPU.ActiveCfg = Release|Any CPU
		{1B334ED2-2C4C-4A1D-8346-C7BF64126392}.Release|Any CPU.Build.0 = Release|Any CPU
	EndGlobalSection
	GlobalSection(SolutionProperties) = preSolution
		HideSolutionNode = FALSE
	EndGlobalSection
	GlobalSection(ExtensibilityGlobals) = postSolution
		SolutionGuid = {33B4522F-61B1-442C-871D-3275721B88B7}
	EndGlobalSection
EndGlobal
